{
  "requires": true,
  "lockfileVersion": 1,
  "dependencies": {
    "@react-rxjs/utils": {
      "version": "0.8.2",
      "resolved": "https://registry.npmjs.org/@react-rxjs/utils/-/utils-0.8.2.tgz",
      "integrity": "sha512-oFDCzv9cMdzXqNTnOz70LG+Lj8LoyQ41uXosy7kbWL0BvDuGt08oZjlKr19VxXcLb8zWr5MkU5s+eofBEA8zZA=="
    }
  }
}
